// !$*UTF8*$!
{
	archiveVersion = 1;
	classes = {
	};
	objectVersion = 46;
	objects = {

/* Begin PBXBuildFile section */
		EBEFD14B19DCD860005C1553 /* AppDelegate.swift in Sources */ = {isa = PBXBuildFile; fileRef = EBEFD14A19DCD860005C1553 /* AppDelegate.swift */; };
		EBEFD14D19DCD860005C1553 /* ViewController.swift in Sources */ = {isa = PBXBuildFile; fileRef = EBEFD14C19DCD860005C1553 /* ViewController.swift */; };
		EBEFD15019DCD860005C1553 /* Main.storyboard in Resources */ = {isa = PBXBuildFile; fileRef = EBEFD14E19DCD860005C1553 /* Main.storyboard */; };
		EBEFD15219DCD860005C1553 /* Images.xcassets in Resources */ = {isa = PBXBuildFile; fileRef = EBEFD15119DCD860005C1553 /* Images.xcassets */; };
		EBEFD15519DCD860005C1553 /* LaunchScreen.xib in Resources */ = {isa = PBXBuildFile; fileRef = EBEFD15319DCD860005C1553 /* LaunchScreen.xib */; };
		EBEFD16119DCD860005C1553 /* exercise1Tests.swift in Sources */ = {isa = PBXBuildFile; fileRef = EBEFD16019DCD860005C1553 /* exercise1Tests.swift */; };
/* End PBXBuildFile section */

/* Begin PBXContainerItemProxy section */
		EBEFD15B19DCD860005C1553 /* PBXContainerItemProxy */ = {
			isa = PBXContainerItemProxy;
			containerPortal = EBEFD13D19DCD85F005C1553 /* Project object */;
			proxyType = 1;
			remoteGlobalIDString = EBEFD14419DCD860005C1553;
			remoteInfo = exercise1;
		};
/* End PBXContainerItemProxy section */

/* Begin PBXFileReference section */
		EBEFD14519DCD860005C1553 /* exercise1.app */ = {isa = PBXFileReference; explicitFileType = wrapper.application; includeInIndex = 0; path = exercise1.app; sourceTree = BUILT_PRODUCTS_DIR; };
		EBEFD14919DCD860005C1553 /* Info.plist */ = {isa = PBXFileReference; lastKnownFileType = text.plist.xml; path = Info.plist; sourceTree = "<group>"; };
		EBEFD14A19DCD860005C1553 /* AppDelegate.swift */ = {isa = PBXFileReference; lastKnownFileType = sourcecode.swift; path = AppDelegate.swift; sourceTree = "<group>"; };
		EBEFD14C19DCD860005C1553 /* ViewController.swift */ = {isa = PBXFileReference; lastKnownFileType = sourcecode.swift; path = ViewController.swift; sourceTree = "<group>"; };
		EBEFD14F19DCD860005C1553 /* Base */ = {isa = PBXFileReference; lastKnownFileType = file.storyboard; name = Base; path = Base.lproj/Main.storyboard; sourceTree = "<group>"; };
		EBEFD15119DCD860005C1553 /* Images.xcassets */ = {isa = PBXFileReference; lastKnownFileType = folder.assetcatalog; path = Images.xcassets; sourceTree = "<group>"; };
		EBEFD15419DCD860005C1553 /* Base */ = {isa = PBXFileReference; lastKnownFileType = file.xib; name = Base; path = Base.lproj/LaunchScreen.xib; sourceTree = "<group>"; };
		EBEFD15A19DCD860005C1553 /* exercise1Tests.xctest */ = {isa = PBXFileReference; explicitFileType = wrapper.cfbundle; includeInIndex = 0; path = exercise1Tests.xctest; sourceTree = BUILT_PRODUCTS_DIR; };
		EBEFD15F19DCD860005C1553 /* Info.plist */ = {isa = PBXFileReference; lastKnownFileType = text.plist.xml; path = Info.plist; sourceTree = "<group>"; };
		EBEFD16019DCD860005C1553 /* exercise1Tests.swift */ = {isa = PBXFileReference; lastKnownFileType = sourcecode.swift; path = exercise1Tests.swift; sourceTree = "<group>"; };
/* End PBXFileReference section */

/* Begin PBXFrameworksBuildPhase section */
		EBEFD14219DCD860005C1553 /* Frameworks */ = {
			isa = PBXFrameworksBuildPhase;
			buildActionMask = 2147483647;
			files = (
			);
			runOnlyForDeploymentPostprocessing = 0;
		};
		EBEFD15719DCD860005C1553 /* Frameworks */ = {
			isa = PBXFrameworksBuildPhase;
			buildActionMask = 2147483647;
			files = (
			);
			runOnlyForDeploymentPostprocessing = 0;
		};
/* End PBXFrameworksBuildPhase section */

/* Begin PBXGroup section */
		EBEFD13C19DCD85F005C1553 = {
			isa = PBXGroup;
			children = (
				EBEFD14719DCD860005C1553 /* exercise1 */,
				EBEFD15D19DCD860005C1553 /* exercise1Tests */,
				EBEFD14619DCD860005C1553 /* Products */,
			);
			sourceTree = "<group>";
		};
		EBEFD14619DCD860005C1553 /* Products */ = {
			isa = PBXGroup;
			children = (
				EBEFD14519DCD860005C1553 /* exercise1.app */,
				EBEFD15A19DCD860005C1553 /* exercise1Tests.xctest */,
			);
			name = Products;
			sourceTree = "<group>";
		};
		EBEFD14719DCD860005C1553 /* exercise1 */ = {
			isa = PBXGroup;
			children = (
				EBEFD14A19DCD860005C1553 /* AppDelegate.swift */,
				EBEFD14C19DCD860005C1553 /* ViewController.swift */,
				EBEFD14E19DCD860005C1553 /* Main.storyboard */,
				EBEFD15119DCD860005C1553 /* Images.xcassets */,
				EBEFD15319DCD860005C1553 /* LaunchScreen.xib */,
				EBEFD14819DCD860005C1553 /* Supporting Files */,
			);
			path = exercise1;
			sourceTree = "<group>";
		};
		EBEFD14819DCD860005C1553 /* Supporting Files */ = {
			isa = PBXGroup;
			children = (
				EBEFD14919DCD860005C1553 /* Info.plist */,
			);
			name = "Supporting Files";
			sourceTree = "<group>";
		};
		EBEFD15D19DCD860005C1553 /* exercise1Tests */ = {
			isa = PBXGroup;
			children = (
				EBEFD16019DCD860005C1553 /* exercise1Tests.swift */,
				EBEFD15E19DCD860005C1553 /* Supporting Files */,
			);
			path = exercise1Tests;
			sourceTree = "<group>";
		};
		EBEFD15E19DCD860005C1553 /* Supporting Files */ = {
			isa = PBXGroup;
			children = (
				EBEFD15F19DCD860005C1553 /* Info.plist */,
			);
			name = "Supporting Files";
			sourceTree = "<group>";
		};
/* End PBXGroup section */

/* Begin PBXNativeTarget section */
		EBEFD14419DCD860005C1553 /* exercise1 */ = {
			isa = PBXNativeTarget;
			buildConfigurationList = EBEFD16419DCD860005C1553 /* Build configuration list for PBXNativeTarget "exercise1" */;
			buildPhases = (
				EBEFD14119DCD860005C1553 /* Sources */,
				EBEFD14219DCD860005C1553 /* Frameworks */,
				EBEFD14319DCD860005C1553 /* Resources */,
			);
			buildRules = (
			);
			dependencies = (
			);
			name = exercise1;
			productName = exercise1;
			productReference = EBEFD14519DCD860005C1553 /* exercise1.app */;
			productType = "com.apple.product-type.application";
		};
		EBEFD15919DCD860005C1553 /* exercise1Tests */ = {
			isa = PBXNativeTarget;
			buildConfigurationList = EBEFD16719DCD860005C1553 /* Build configuration list for PBXNativeTarget "exercise1Tests" */;
			buildPhases = (
				EBEFD15619DCD860005C1553 /* Sources */,
				EBEFD15719DCD860005C1553 /* Frameworks */,
				EBEFD15819DCD860005C1553 /* Resources */,
			);
			buildRules = (
			);
			dependencies = (
				EBEFD15C19DCD860005C1553 /* PBXTargetDependency */,
			);
			name = exercise1Tests;
			productName = exercise1Tests;
			productReference = EBEFD15A19DCD860005C1553 /* exercise1Tests.xctest */;
			productType = "com.apple.product-type.bundle.unit-test";
		};
/* End PBXNativeTarget section */

/* Begin PBXProject section */
		EBEFD13D19DCD85F005C1553 /* Project object */ = {
			isa = PBXProject;
			attributes = {
				LastUpgradeCheck = 0600;
				ORGANIZATIONNAME = tekkup;
				TargetAttributes = {
					EBEFD14419DCD860005C1553 = {
						CreatedOnToolsVersion = 6.0.1;
					};
					EBEFD15919DCD860005C1553 = {
						CreatedOnToolsVersion = 6.0.1;
						TestTargetID = EBEFD14419DCD860005C1553;
					};
				};
			};
			buildConfigurationList = EBEFD14019DCD85F005C1553 /* Build configuration list for PBXProject "exercise1" */;
			compatibilityVersion = "Xcode 3.2";
			developmentRegion = English;
			hasScannedForEncodings = 0;
			knownRegions = (
				en,
				Base,
			);
			mainGroup = EBEFD13C19DCD85F005C1553;
			productRefGroup = EBEFD14619DCD860005C1553 /* Products */;
			projectDirPath = "";
			projectRoot = "";
			targets = (
				EBEFD14419DCD860005C1553 /* exercise1 */,
				EBEFD15919DCD860005C1553 /* exercise1Tests */,
			);
		};
/* End PBXProject section */

/* Begin PBXResourcesBuildPhase section */
		EBEFD14319DCD860005C1553 /* Resources */ = {
			isa = PBXResourcesBuildPhase;
			buildActionMask = 2147483647;
			files = (
				EBEFD15019DCD860005C1553 /* Main.storyboard in Resources */,
				EBEFD15519DCD860005C1553 /* LaunchScreen.xib in Resources */,
				EBEFD15219DCD860005C1553 /* Images.xcassets in Resources */,
			);
			runOnlyForDeploymentPostprocessing = 0;
		};
		EBEFD15819DCD860005C1553 /* Resources */ = {
			isa = PBXResourcesBuildPhase;
			buildActionMask = 2147483647;
			files = (
			);
			runOnlyForDeploymentPostprocessing = 0;
		};
/* End PBXResourcesBuildPhase section */

/* Begin PBXSourcesBuildPhase section */
		EBEFD14119DCD860005C1553 /* Sources */ = {
			isa = PBXSourcesBuildPhase;
			buildActionMask = 2147483647;
			files = (
				EBEFD14D19DCD860005C1553 /* ViewController.swift in Sources */,
				EBEFD14B19DCD860005C1553 /* AppDelegate.swift in Sources */,
			);
			runOnlyForDeploymentPostprocessing = 0;
		};
		EBEFD15619DCD860005C1553 /* Sources */ = {
			isa = PBXSourcesBuildPhase;
			buildActionMask = 2147483647;
			files = (
				EBEFD16119DCD860005C1553 /* exercise1Tests.swift in Sources */,
			);
			runOnlyForDeploymentPostprocessing = 0;
		};
/* End PBXSourcesBuildPhase section */

/* Begin PBXTargetDependency section */
		EBEFD15C19DCD860005C1553 /* PBXTargetDependency */ = {
			isa = PBXTargetDependency;
			target = EBEFD14419DCD860005C1553 /* exercise1 */;
			targetProxy = EBEFD15B19DCD860005C1553 /* PBXContainerItemProxy */;
		};
/* End PBXTargetDependency section */

/* Begin PBXVariantGroup section */
		EBEFD14E19DCD860005C1553 /* Main.storyboard */ = {
			isa = PBXVariantGroup;
			children = (
				EBEFD14F19DCD860005C1553 /* Base */,
			);
			name = Main.storyboard;
			sourceTree = "<group>";
		};
		EBEFD15319DCD860005C1553 /* LaunchScreen.xib */ = {
			isa = PBXVariantGroup;
			children = (
				EBEFD15419DCD860005C1553 /* Base */,
			);
			name = LaunchScreen.xib;
			sourceTree = "<group>";
		};
/* End PBXVariantGroup section */

/* Begin XCBuildConfiguration section */
		EBEFD16219DCD860005C1553 /* Debug */ = {
			isa = XCBuildConfiguration;
			buildSettings = {
				ALWAYS_SEARCH_USER_PATHS = NO;
				CLANG_CXX_LANGUAGE_STANDARD = "gnu++0x";
				CLANG_CXX_LIBRARY = "libc++";
				CLANG_ENABLE_MODULES = YES;
				CLANG_ENABLE_OBJC_ARC = YES;
				CLANG_WARN_BOOL_CONVERSION = YES;
				CLANG_WARN_CONSTANT_CONVERSION = YES;
				CLANG_WARN_DIRECT_OBJC_ISA_USAGE = YES_ERROR;
				CLANG_WARN_EMPTY_BODY = YES;
				CLANG_WARN_ENUM_CONVERSION = YES;
				CLANG_WARN_INT_CONVERSION = YES;
				CLANG_WARN_OBJC_ROOT_CLASS = YES_ERROR;
				CLANG_WARN_UNREACHABLE_CODE = YES;
				CLANG_WARN__DUPLICATE_METHOD_MATCH = YES;
				"CODE_SIGN_IDENTITY[sdk=iphoneos*]" = "iPhone Developer";
				COPY_PHASE_STRIP = NO;
				ENABLE_STRICT_OBJC_MSGSEND = YES;
				GCC_C_LANGUAGE_STANDARD = gnu99;
				GCC_DYNAMIC_NO_PIC = NO;
				GCC_OPTIMIZATION_LEVEL = 0;
				GCC_PREPROCESSOR_DEFINITIONS = (
					"DEBUG=1",
					"$(inherited)",
				);
				GCC_SYMBOLS_PRIVATE_EXTERN = NO;
				GCC_WARN_64_TO_32_BIT_CONVERSION = YES;
				GCC_WARN_ABOUT_RETURN_TYPE = YES_ERROR;
				GCC_WARN_UNDECLARED_SELECTOR = YES;
				GCC_WARN_UNINITIALIZED_AUTOS = YES_AGGRESSIVE;
				GCC_WARN_UNUSED_FUNCTION = YES;
				GCC_WARN_UNUSED_VARIABLE = YES;
				IPHONEOS_DEPLOYMENT_TARGET = 8.0;
				MTL_ENABLE_DEBUG_INFO = YES;
				ONLY_ACTIVE_ARCH = YES;
				SDKROOT = iphoneos;
				SWIFT_OPTIMIZATION_LEVEL = "-Onone";
			};
			name = Debug;
		};
		EBEFD16319DCD860005C1553 /* Release */ = {
			isa = XCBuildConfiguration;
			buildSettings = {
				ALWAYS_SEARCH_USER_PATHS = NO;
				CLANG_CXX_LANGUAGE_STANDARD = "gnu++0x";
				CLANG_CXX_LIBRARY = "libc++";
				CLANG_ENABLE_MODULES = YES;
				CLANG_ENABLE_OBJC_ARC = YES;
				CLANG_WARN_BOOL_CONVERSION = YES;
				CLANG_WARN_CONSTANT_CONVERSION = YES;
				CLANG_WARN_DIRECT_OBJC_ISA_USAGE = YES_ERROR;
				CLANG_WARN_EMPTY_BODY = YES;
				CLANG_WARN_ENUM_CONVERSION = YES;
				CLANG_WARN_INT_CONVERSION = YES;
				CLANG_WARN_OBJC_ROOT_CLASS = YES_ERROR;
				CLANG_WARN_UNREACHABLE_CODE = YES;
				CLANG_WARN__DUPLICATE_METHOD_MATCH = YES;
				"CODE_SIGN_IDENTITY[sdk=iphoneos*]" = "iPhone Developer";
				COPY_PHASE_STRIP = YES;
				ENABLE_NS_ASSERTIONS = NO;
				ENABLE_STRICT_OBJC_MSGSEND = YES;
				GCC_C_LANGUAGE_STANDARD = gnu99;
				GCC_WARN_64_TO_32_BIT_CONVERSION = YES;
				GCC_WARN_ABOUT_RETURN_TYPE = YES_ERROR;
				GCC_WARN_UNDECLARED_SELECTOR = YES;
				GCC_WARN_UNINITIALIZED_AUTOS = YES_AGGRESSIVE;
				GCC_WARN_UNUSED_FUNCTION = YES;
				GCC_WARN_UNUSED_VARIABLE = YES;
				IPHONEOS_DEPLOYMENT_TARGET = 8.0;
				MTL_ENABLE_DEBUG_INFO = NO;
				SDKROOT = iphoneos;
				VALIDATE_PRODUCT = YES;
			};
			name = Release;
		};
		EBEFD16519DCD860005C1553 /* Debug */ = {
			isa = XCBuildConfiguration;
			buildSettings = {
				ASSETCATALOG_COMPILER_APPICON_NAME = AppIcon;
				INFOPLIST_FILE = exercise1/Info.plist;
				LD_RUNPATH_SEARCH_PATHS = "$(inherited) @executable_path/Frameworks";
				PRODUCT_NAME = "$(TARGET_NAME)";
			};
			name = Debug;
		};
		EBEFD16619DCD860005C1553 /* Release */ = {
			isa = XCBuildConfiguration;
			buildSettings = {
				ASSETCATALOG_COMPILER_APPICON_NAME = AppIcon;
				INFOPLIST_FILE = exercise1/Info.plist;
				LD_RUNPATH_SEARCH_PATHS = "$(inherited) @executable_path/Frameworks";
				PRODUCT_NAME = "$(TARGET_NAME)";
			};
			name = Release;
		};
		EBEFD16819DCD860005C1553 /* Debug */ = {
			isa = XCBuildConfiguration;
			buildSettings = {
				BUNDLE_LOADER = "$(TEST_HOST)";
				FRAMEWORK_SEARCH_PATHS = (
					"$(SDKROOT)/Developer/Library/Frameworks",
					"$(inherited)",
				);
				GCC_PREPROCESSOR_DEFINITIONS = (
					"DEBUG=1",
					"$(inherited)",
				);
				INFOPLIST_FILE = exercise1Tests/Info.plist;
				LD_RUNPATH_SEARCH_PATHS = "$(inherited) @executable_path/Frameworks @loader_path/Frameworks";
				PRODUCT_NAME = "$(TARGET_NAME)";
				TEST_HOST = "$(BUILT_PRODUCTS_DIR)/exercise1.app/exercise1";
			};
			name = Debug;
		};
		EBEFD16919DCD860005C1553 /* Release */ = {
			isa = XCBuildConfiguration;
			buildSettings = {
				BUNDLE_LOADER = "$(TEST_HOST)";
				FRAMEWORK_SEARCH_PATHS = (
					"$(SDKROOT)/Developer/Library/Frameworks",
					"$(inherited)",
				);
				INFOPLIST_FILE = exercise1Tests/Info.plist;
				LD_RUNPATH_SEARCH_PATHS = "$(inherited) @executable_path/Frameworks @loader_path/Frameworks";
				PRODUCT_NAME = "$(TARGET_NAME)";
				TEST_HOST = "$(BUILT_PRODUCTS_DIR)/exercise1.app/exercise1";
			};
			name = Release;
		};
/* End XCBuildConfiguration section */

/* Begin XCConfigurationList section */
		EBEFD14019DCD85F005C1553 /* Build configuration list for PBXProject "exercise1" */ = {
			isa = XCConfigurationList;
			buildConfigurations = (
				EBEFD16219DCD860005C1553 /* Debug */,
				EBEFD16319DCD860005C1553 /* Release */,
			);
			defaultConfigurationIsVisible = 0;
			defaultConfigurationName = Release;
		};
		EBEFD16419DCD860005C1553 /* Build configuration list for PBXNativeTarget "exercise1" */ = {
			isa = XCConfigurationList;
			buildConfigurations = (
				EBEFD16519DCD860005C1553 /* Debug */,
				EBEFD16619DCD860005C1553 /* Release */,
			);
			defaultConfigurationIsVisible = 0;
		};
		EBEFD16719DCD860005C1553 /* Build configuration list for PBXNativeTarget "exercise1Tests" */ = {
			isa = XCConfigurationList;
			buildConfigurations = (
				EBEFD16819DCD860005C1553 /* Debug */,
				EBEFD16919DCD860005C1553 /* Release */,
			);
			defaultConfigurationIsVisible = 0;
		};
/* End XCConfigurationList section */
	};
	rootObject = EBEFD13D19DCD85F005C1553 /* Project object */;
}
